
Microsoft Visual Studio Solution File, Format Version 12.00
# Visual Studio 15
VisualStudioVersion = 15.0.28307.757
MinimumVisualStudioVersion = 10.0.40219.1
Project("{FAE04EC0-301F-11D3-BF4B-00C04F79EFBC}") = "LMS.Entities", "LMS.Entities\LMS.Entities.csproj", "{DC57AEFC-BF01-4F30-902B-2A1F00F9015A}"
EndProject
Project("{FAE04EC0-301F-11D3-BF4B-00C04F79EFBC}") = "LMS.Exceptions", "LMS.Exceptions\LMS.Exceptions.csproj", "{4A43E475-B742-400B-9566-EA6CF45F09BD}"
EndProject
Project("{FAE04EC0-301F-11D3-BF4B-00C04F79EFBC}") = "LMS.DAL", "LMS.DAL\LMS.DAL.csproj", "{814EB129-6135-4830-B459-53685FD8E1F7}"
EndProject
Project("{FAE04EC0-301F-11D3-BF4B-00C04F79EFBC}") = "LMS.PL", "LMS.PL\LMS.PL.csproj", "{AAA05272-AD11-4DC6-A7F6-FEBBB8AACFC5}"
EndProject
Project("{FAE04EC0-301F-11D3-BF4B-00C04F79EFBC}") = "LMS.BLL", "LMS.BLL\LMS.BLL.csproj", "{AD4A69E2-34C5-48C9-BDD3-2D883AEC6F87}"
EndProject
Global
	GlobalSection(SolutionConfigurationPlatforms) = preSolution
		Debug|Any CPU = Debug|Any CPU
		Release|Any CPU = Release|Any CPU
	EndGlobalSection
	GlobalSection(ProjectConfigurationPlatforms) = postSolution
		{DC57AEFC-BF01-4F30-902B-2A1F00F9015A}.Debug|Any CPU.ActiveCfg = Debug|Any CPU
		{DC57AEFC-BF01-4F30-902B-2A1F00F9015A}.Debug|Any CPU.Build.0 = Debug|Any CPU
		{DC57AEFC-BF01-4F30-902B-2A1F00F9015A}.Release|Any CPU.ActiveCfg = Release|Any CPU
		{DC57AEFC-BF01-4F30-902B-2A1F00F9015A}.Release|Any CPU.Build.0 = Release|Any CPU
		{4A43E475-B742-400B-9566-EA6CF45F09BD}.Debug|Any CPU.ActiveCfg = Debug|Any CPU
		{4A43E475-B742-400B-9566-EA6CF45F09BD}.Debug|Any CPU.Build.0 = Debug|Any CPU
		{4A43E475-B742-400B-9566-EA6CF45F09BD}.Release|Any CPU.ActiveCfg = Release|Any CPU
		{4A43E475-B742-400B-9566-EA6CF45F09BD}.Release|Any CPU.Build.0 = Release|Any CPU
		{814EB129-6135-4830-B459-53685FD8E1F7}.Debug|Any CPU.ActiveCfg = Debug|Any CPU
		{814EB129-6135-4830-B459-53685FD8E1F7}.Debug|Any CPU.Build.0 = Debug|Any CPU
		{814EB129-6135-4830-B459-53685FD8E1F7}.Release|Any CPU.ActiveCfg = Release|Any CPU
		{814EB129-6135-4830-B459-53685FD8E1F7}.Release|Any CPU.Build.0 = Release|Any CPU
		{AAA05272-AD11-4DC6-A7F6-FEBBB8AACFC5}.Debug|Any CPU.ActiveCfg = Debug|Any CPU
		{AAA05272-AD11-4DC6-A7F6-FEBBB8AACFC5}.Debug|Any CPU.Build.0 = Debug|Any CPU
		{AAA05272-AD11-4DC6-A7F6-FEBBB8AACFC5}.Release|Any CPU.ActiveCfg = Release|Any CPU
		{AAA05272-AD11-4DC6-A7F6-FEBBB8AACFC5}.Release|Any CPU.Build.0 = Release|Any CPU
		{AD4A69E2-34C5-48C9-BDD3-2D883AEC6F87}.Debug|Any CPU.ActiveCfg = Debug|Any CPU
		{AD4A69E2-34C5-48C9-BDD3-2D883AEC6F87}.Debug|Any CPU.Build.0 = Debug|Any CPU
		{AD4A69E2-34C5-48C9-BDD3-2D883AEC6F87}.Release|Any CPU.ActiveCfg = Release|Any CPU
		{AD4A69E2-34C5-48C9-BDD3-2D883AEC6F87}.Release|Any CPU.Build.0 = Release|Any CPU
	EndGlobalSection
	GlobalSection(SolutionProperties) = preSolution
		HideSolutionNode = FALSE
	EndGlobalSection
	GlobalSection(ExtensibilityGlobals) = postSolution
		SolutionGuid = {77D85D17-94AF-4D2E-A397-DD5D80542C52}
	EndGlobalSection
EndGlobal
